
Microsoft Visual Studio Solution File, Format Version 12.00
# Visual Studio Version 17
VisualStudioVersion = 17.14.35906.104 d17.14
MinimumVisualStudioVersion = 10.0.40219.1
Project("{FAE04EC0-301F-11D3-BF4B-00C04F79EFBC}") = "PugBoat", "PugBoat\PugBoat.csproj", "{B6CB952D-1B4A-4B4A-94DD-6F427B228981}"
EndProject
Global
	GlobalSection(SolutionConfigurationPlatforms) = preSolution
		Debug|Any CPU = Debug|Any CPU
		Release|Any CPU = Release|Any CPU
	EndGlobalSection
	GlobalSection(ProjectConfigurationPlatforms) = postSolution
		{B6CB952D-1B4A-4B4A-94DD-6F427B228981}.Debug|Any CPU.ActiveCfg = Debug|Any CPU
		{B6CB952D-1B4A-4B4A-94DD-6F427B228981}.Debug|Any CPU.Build.0 = Debug|Any CPU
		{B6CB952D-1B4A-4B4A-94DD-6F427B228981}.Release|Any CPU.ActiveCfg = Release|Any CPU
		{B6CB952D-1B4A-4B4A-94DD-6F427B228981}.Release|Any CPU.Build.0 = Release|Any CPU
	EndGlobalSection
	GlobalSection(SolutionProperties) = preSolution
		HideSolutionNode = FALSE
	EndGlobalSection
	GlobalSection(ExtensibilityGlobals) = postSolution
		SolutionGuid = {D3EC2CD2-8654-4FA2-9F37-C9DC8A875BE0}
	EndGlobalSection
EndGlobal
